
Microsoft Visual Studio Solution File, Format Version 12.00
# Visual Studio 15
VisualStudioVersion = 15.0.28307.438
MinimumVisualStudioVersion = 10.0.40219.1
Project("{8BC9CEB8-8B4A-11D0-8D11-00A0C91BC942}") = "Task 2 Demo", "Task 2 Demo\Task 2 Demo.vcxproj", "{F56AF4C0-CA17-49BC-A125-0307E48C2CDA}"
EndProject
Global
	GlobalSection(SolutionConfigurationPlatforms) = preSolution
		Debug|x64 = Debug|x64
		Debug|x86 = Debug|x86
		Release|x64 = Release|x64
		Release|x86 = Release|x86
	EndGlobalSection
	GlobalSection(ProjectConfigurationPlatforms) = postSolution
		{F56AF4C0-CA17-49BC-A125-0307E48C2CDA}.Debug|x64.ActiveCfg = Debug|x64
		{F56AF4C0-CA17-49BC-A125-0307E48C2CDA}.Debug|x64.Build.0 = Debug|x64
		{F56AF4C0-CA17-49BC-A125-0307E48C2CDA}.Debug|x86.ActiveCfg = Debug|Win32
		{F56AF4C0-CA17-49BC-A125-0307E48C2CDA}.Debug|x86.Build.0 = Debug|Win32
		{F56AF4C0-CA17-49BC-A125-0307E48C2CDA}.Release|x64.ActiveCfg = Release|x64
		{F56AF4C0-CA17-49BC-A125-0307E48C2CDA}.Release|x64.Build.0 = Release|x64
		{F56AF4C0-CA17-49BC-A125-0307E48C2CDA}.Release|x86.ActiveCfg = Release|Win32
		{F56AF4C0-CA17-49BC-A125-0307E48C2CDA}.Release|x86.Build.0 = Release|Win32
	EndGlobalSection
	GlobalSection(SolutionProperties) = preSolution
		HideSolutionNode = FALSE
	EndGlobalSection
	GlobalSection(ExtensibilityGlobals) = postSolution
		SolutionGuid = {1156DE99-C790-40F8-B7C4-5B2F3A1A1510}
	EndGlobalSection
EndGlobal
